
Microsoft Visual Studio Solution File, Format Version 12.00
# Visual Studio Express 14 for Windows Desktop
VisualStudioVersion = 14.0.25420.1
MinimumVisualStudioVersion = 10.0.40219.1
Project("{FAE04EC0-301F-11D3-BF4B-00C04F79EFBC}") = "My", "My\My.csproj", "{DC092D89-11D9-4D81-A85D-7923BD346A19}"
EndProject
Project("{FAE04EC0-301F-11D3-BF4B-00C04F79EFBC}") = "My.Testing", "My.Testing\My.Testing.csproj", "{F514542E-988C-4D32-AC20-986841B8A735}"
EndProject
Global
	GlobalSection(SolutionConfigurationPlatforms) = preSolution
		Debug|Any CPU = Debug|Any CPU
		Release|Any CPU = Release|Any CPU
	EndGlobalSection
	GlobalSection(ProjectConfigurationPlatforms) = postSolution
		{DC092D89-11D9-4D81-A85D-7923BD346A19}.Debug|Any CPU.ActiveCfg = Debug|Any CPU
		{DC092D89-11D9-4D81-A85D-7923BD346A19}.Debug|Any CPU.Build.0 = Debug|Any CPU
		{DC092D89-11D9-4D81-A85D-7923BD346A19}.Release|Any CPU.ActiveCfg = Release|Any CPU
		{DC092D89-11D9-4D81-A85D-7923BD346A19}.Release|Any CPU.Build.0 = Release|Any CPU
		{F514542E-988C-4D32-AC20-986841B8A735}.Debug|Any CPU.ActiveCfg = Debug|Any CPU
		{F514542E-988C-4D32-AC20-986841B8A735}.Debug|Any CPU.Build.0 = Debug|Any CPU
		{F514542E-988C-4D32-AC20-986841B8A735}.Release|Any CPU.ActiveCfg = Release|Any CPU
		{F514542E-988C-4D32-AC20-986841B8A735}.Release|Any CPU.Build.0 = Release|Any CPU
	EndGlobalSection
	GlobalSection(SolutionProperties) = preSolution
		HideSolutionNode = FALSE
	EndGlobalSection
EndGlobal
